
Microsoft Visual Studio Solution File, Format Version 12.00
# Visual Studio Version 17
VisualStudioVersion = 17.0.31903.59
MinimumVisualStudioVersion = 10.0.40219.1
Project("{2150E333-8FDC-42A3-9474-1A3956D46DE8}") = "Authentication", "Authentication", "{41203D7E-03B3-469D-BA4F-67FC71A9F548}"
EndProject
Project("{2150E333-8FDC-42A3-9474-1A3956D46DE8}") = "src", "src", "{5FA11474-9FA9-4F38-9826-A61E4CEDF767}"
EndProject
Project("{FAE04EC0-301F-11D3-BF4B-00C04F79EFBC}") = "Authentication", "Authentication\src\Authentication\Authentication.csproj", "{9CF06E78-A375-472E-B440-D93F347EE765}"
EndProject
Project("{2150E333-8FDC-42A3-9474-1A3956D46DE8}") = "UserRegistration", "UserRegistration", "{39DD6EBA-96F9-40E6-8E53-969D7FDE18F5}"
EndProject
Project("{2150E333-8FDC-42A3-9474-1A3956D46DE8}") = "src", "src", "{BFECC1F8-B45F-4922-B985-8E0CD1C87605}"
EndProject
Project("{FAE04EC0-301F-11D3-BF4B-00C04F79EFBC}") = "UserRegistration", "UserRegistration\src\UserRegistration\UserRegistration.csproj", "{4C807EC6-B994-4B07-A474-F47D9BB382E8}"
EndProject
Project("{FAE04EC0-301F-11D3-BF4B-00C04F79EFBC}") = "Domain", "Domain\Domain.csproj", "{F4A55006-07E2-44DA-9C66-B7468E6B5F25}"
EndProject
Project("{2150E333-8FDC-42A3-9474-1A3956D46DE8}") = "EmailVerification", "EmailVerification", "{1FCBCC30-46CC-403B-B2DB-AF5259EE998D}"
EndProject
Project("{2150E333-8FDC-42A3-9474-1A3956D46DE8}") = "src", "src", "{28D932F6-E0C3-4BF6-8FFC-FD07E97942A2}"
EndProject
Project("{FAE04EC0-301F-11D3-BF4B-00C04F79EFBC}") = "EmailVerification", "EmailVerification\src\EmailVerification\EmailVerification.csproj", "{144EF120-5D98-4858-A3EB-DC36DBE00CB8}"
EndProject
Project("{2150E333-8FDC-42A3-9474-1A3956D46DE8}") = "tests", "tests", "{FEBA6F30-CF03-4587-A2DE-F63AB486278D}"
EndProject
Project("{FAE04EC0-301F-11D3-BF4B-00C04F79EFBC}") = "UserRegistrationTests", "UserRegistration\tests\UserRegistrationTests\UserRegistrationTests.csproj", "{C0283EDF-3DEE-49E3-97D5-61231A9DA6BE}"
EndProject
Project("{2150E333-8FDC-42A3-9474-1A3956D46DE8}") = "tests", "tests", "{836C7813-2AA3-4604-B20B-FFBD588046FF}"
EndProject
Project("{FAE04EC0-301F-11D3-BF4B-00C04F79EFBC}") = "AuthenticationTests", "Authentication\tests\AuthenticationTests\AuthenticationTests.csproj", "{62221F10-3B89-44A8-AEFE-C831BDE2F388}"
EndProject
Project("{2150E333-8FDC-42A3-9474-1A3956D46DE8}") = "UpdateUser", "UpdateUser", "{8AEF0DAF-3907-46C4-8232-3C1FD112C9B5}"
EndProject
Project("{2150E333-8FDC-42A3-9474-1A3956D46DE8}") = "tests", "tests", "{A7D0AC5E-175F-4502-B52B-F3DBEA136488}"
EndProject
Project("{FAE04EC0-301F-11D3-BF4B-00C04F79EFBC}") = "UpdateUserTests", "UpdateUser\tests\UpdateUserTests\UpdateUserTests.csproj", "{AC86C8CF-66A3-4A0E-B54B-18D6BDF960A8}"
EndProject
Global
	GlobalSection(SolutionConfigurationPlatforms) = preSolution
		Debug|Any CPU = Debug|Any CPU
		Release|Any CPU = Release|Any CPU
	EndGlobalSection
	GlobalSection(SolutionProperties) = preSolution
		HideSolutionNode = FALSE
	EndGlobalSection
	GlobalSection(ProjectConfigurationPlatforms) = postSolution
		{9CF06E78-A375-472E-B440-D93F347EE765}.Debug|Any CPU.ActiveCfg = Debug|Any CPU
		{9CF06E78-A375-472E-B440-D93F347EE765}.Debug|Any CPU.Build.0 = Debug|Any CPU
		{9CF06E78-A375-472E-B440-D93F347EE765}.Release|Any CPU.ActiveCfg = Release|Any CPU
		{9CF06E78-A375-472E-B440-D93F347EE765}.Release|Any CPU.Build.0 = Release|Any CPU
		{4C807EC6-B994-4B07-A474-F47D9BB382E8}.Debug|Any CPU.ActiveCfg = Debug|Any CPU
		{4C807EC6-B994-4B07-A474-F47D9BB382E8}.Debug|Any CPU.Build.0 = Debug|Any CPU
		{4C807EC6-B994-4B07-A474-F47D9BB382E8}.Release|Any CPU.ActiveCfg = Release|Any CPU
		{4C807EC6-B994-4B07-A474-F47D9BB382E8}.Release|Any CPU.Build.0 = Release|Any CPU
		{F4A55006-07E2-44DA-9C66-B7468E6B5F25}.Debug|Any CPU.ActiveCfg = Debug|Any CPU
		{F4A55006-07E2-44DA-9C66-B7468E6B5F25}.Debug|Any CPU.Build.0 = Debug|Any CPU
		{F4A55006-07E2-44DA-9C66-B7468E6B5F25}.Release|Any CPU.ActiveCfg = Release|Any CPU
		{F4A55006-07E2-44DA-9C66-B7468E6B5F25}.Release|Any CPU.Build.0 = Release|Any CPU
		{144EF120-5D98-4858-A3EB-DC36DBE00CB8}.Debug|Any CPU.ActiveCfg = Debug|Any CPU
		{144EF120-5D98-4858-A3EB-DC36DBE00CB8}.Debug|Any CPU.Build.0 = Debug|Any CPU
		{144EF120-5D98-4858-A3EB-DC36DBE00CB8}.Release|Any CPU.ActiveCfg = Release|Any CPU
		{144EF120-5D98-4858-A3EB-DC36DBE00CB8}.Release|Any CPU.Build.0 = Release|Any CPU
		{C0283EDF-3DEE-49E3-97D5-61231A9DA6BE}.Debug|Any CPU.ActiveCfg = Debug|Any CPU
		{C0283EDF-3DEE-49E3-97D5-61231A9DA6BE}.Debug|Any CPU.Build.0 = Debug|Any CPU
		{C0283EDF-3DEE-49E3-97D5-61231A9DA6BE}.Release|Any CPU.ActiveCfg = Release|Any CPU
		{C0283EDF-3DEE-49E3-97D5-61231A9DA6BE}.Release|Any CPU.Build.0 = Release|Any CPU
		{62221F10-3B89-44A8-AEFE-C831BDE2F388}.Debug|Any CPU.ActiveCfg = Debug|Any CPU
		{62221F10-3B89-44A8-AEFE-C831BDE2F388}.Debug|Any CPU.Build.0 = Debug|Any CPU
		{62221F10-3B89-44A8-AEFE-C831BDE2F388}.Release|Any CPU.ActiveCfg = Release|Any CPU
		{62221F10-3B89-44A8-AEFE-C831BDE2F388}.Release|Any CPU.Build.0 = Release|Any CPU
		{AC86C8CF-66A3-4A0E-B54B-18D6BDF960A8}.Debug|Any CPU.ActiveCfg = Debug|Any CPU
		{AC86C8CF-66A3-4A0E-B54B-18D6BDF960A8}.Debug|Any CPU.Build.0 = Debug|Any CPU
		{AC86C8CF-66A3-4A0E-B54B-18D6BDF960A8}.Release|Any CPU.ActiveCfg = Release|Any CPU
		{AC86C8CF-66A3-4A0E-B54B-18D6BDF960A8}.Release|Any CPU.Build.0 = Release|Any CPU
	EndGlobalSection
	GlobalSection(NestedProjects) = preSolution
		{5FA11474-9FA9-4F38-9826-A61E4CEDF767} = {41203D7E-03B3-469D-BA4F-67FC71A9F548}
		{9CF06E78-A375-472E-B440-D93F347EE765} = {5FA11474-9FA9-4F38-9826-A61E4CEDF767}
		{BFECC1F8-B45F-4922-B985-8E0CD1C87605} = {39DD6EBA-96F9-40E6-8E53-969D7FDE18F5}
		{4C807EC6-B994-4B07-A474-F47D9BB382E8} = {BFECC1F8-B45F-4922-B985-8E0CD1C87605}
		{28D932F6-E0C3-4BF6-8FFC-FD07E97942A2} = {1FCBCC30-46CC-403B-B2DB-AF5259EE998D}
		{144EF120-5D98-4858-A3EB-DC36DBE00CB8} = {28D932F6-E0C3-4BF6-8FFC-FD07E97942A2}
		{FEBA6F30-CF03-4587-A2DE-F63AB486278D} = {39DD6EBA-96F9-40E6-8E53-969D7FDE18F5}
		{C0283EDF-3DEE-49E3-97D5-61231A9DA6BE} = {FEBA6F30-CF03-4587-A2DE-F63AB486278D}
		{836C7813-2AA3-4604-B20B-FFBD588046FF} = {41203D7E-03B3-469D-BA4F-67FC71A9F548}
		{62221F10-3B89-44A8-AEFE-C831BDE2F388} = {836C7813-2AA3-4604-B20B-FFBD588046FF}
		{A7D0AC5E-175F-4502-B52B-F3DBEA136488} = {8AEF0DAF-3907-46C4-8232-3C1FD112C9B5}
		{AC86C8CF-66A3-4A0E-B54B-18D6BDF960A8} = {A7D0AC5E-175F-4502-B52B-F3DBEA136488}
	EndGlobalSection
EndGlobal
